// !$*UTF8*$!
{
	archiveVersion = 1;
	classes = {
	};
	objectVersion = 50;
	objects = {

/* Begin PBXBuildFile section */
		F5123FBE254AAF100074D58B /* AppDelegate.swift in Sources */ = {isa = PBXBuildFile; fileRef = F5123FBD254AAF100074D58B /* AppDelegate.swift */; };
		F5123FC0254AAF100074D58B /* SceneDelegate.swift in Sources */ = {isa = PBXBuildFile; fileRef = F5123FBF254AAF100074D58B /* SceneDelegate.swift */; };
		F5123FC2254AAF100074D58B /* ViewController.swift in Sources */ = {isa = PBXBuildFile; fileRef = F5123FC1254AAF100074D58B /* ViewController.swift */; };
		F5123FC5254AAF100074D58B /* Main.storyboard in Resources */ = {isa = PBXBuildFile; fileRef = F5123FC3254AAF100074D58B /* Main.storyboard */; };
		F5123FC7254AAF120074D58B /* Assets.xcassets in Resources */ = {isa = PBXBuildFile; fileRef = F5123FC6254AAF120074D58B /* Assets.xcassets */; };
		F5123FCA254AAF120074D58B /* LaunchScreen.storyboard in Resources */ = {isa = PBXBuildFile; fileRef = F5123FC8254AAF120074D58B /* LaunchScreen.storyboard */; };
		F5123FD5254AAF120074D58B /* JerryDemoTests.swift in Sources */ = {isa = PBXBuildFile; fileRef = F5123FD4254AAF120074D58B /* JerryDemoTests.swift */; };
		F5123FE0254AAF120074D58B /* JerryDemoUITests.swift in Sources */ = {isa = PBXBuildFile; fileRef = F5123FDF254AAF120074D58B /* JerryDemoUITests.swift */; };
/* End PBXBuildFile section */

/* Begin PBXContainerItemProxy section */
		F5123FD1254AAF120074D58B /* PBXContainerItemProxy */ = {
			isa = PBXContainerItemProxy;
			containerPortal = F5123FB2254AAF100074D58B /* Project object */;
			proxyType = 1;
			remoteGlobalIDString = F5123FB9254AAF100074D58B;
			remoteInfo = JerryDemo;
		};
		F5123FDC254AAF120074D58B /* PBXContainerItemProxy */ = {
			isa = PBXContainerItemProxy;
			containerPortal = F5123FB2254AAF100074D58B /* Project object */;
			proxyType = 1;
			remoteGlobalIDString = F5123FB9254AAF100074D58B;
			remoteInfo = JerryDemo;
		};
/* End PBXContainerItemProxy section */

/* Begin PBXFileReference section */
		F5123FBA254AAF100074D58B /* JerryDemo.app */ = {isa = PBXFileReference; explicitFileType = wrapper.application; includeInIndex = 0; path = JerryDemo.app; sourceTree = BUILT_PRODUCTS_DIR; };
		F5123FBD254AAF100074D58B /* AppDelegate.swift */ = {isa = PBXFileReference; lastKnownFileType = sourcecode.swift; path = AppDelegate.swift; sourceTree = "<group>"; };
		F5123FBF254AAF100074D58B /* SceneDelegate.swift */ = {isa = PBXFileReference; lastKnownFileType = sourcecode.swift; path = SceneDelegate.swift; sourceTree = "<group>"; };
		F5123FC1254AAF100074D58B /* ViewController.swift */ = {isa = PBXFileReference; lastKnownFileType = sourcecode.swift; path = ViewController.swift; sourceTree = "<group>"; };
		F5123FC4254AAF100074D58B /* Base */ = {isa = PBXFileReference; lastKnownFileType = file.storyboard; name = Base; path = Base.lproj/Main.storyboard; sourceTree = "<group>"; };
		F5123FC6254AAF120074D58B /* Assets.xcassets */ = {isa = PBXFileReference; lastKnownFileType = folder.assetcatalog; path = Assets.xcassets; sourceTree = "<group>"; };
		F5123FC9254AAF120074D58B /* Base */ = {isa = PBXFileReference; lastKnownFileType = file.storyboard; name = Base; path = Base.lproj/LaunchScreen.storyboard; sourceTree = "<group>"; };
		F5123FCB254AAF120074D58B /* Info.plist */ = {isa = PBXFileReference; lastKnownFileType = text.plist.xml; path = Info.plist; sourceTree = "<group>"; };
		F5123FD0254AAF120074D58B /* JerryDemoTests.xctest */ = {isa = PBXFileReference; explicitFileType = wrapper.cfbundle; includeInIndex = 0; path = JerryDemoTests.xctest; sourceTree = BUILT_PRODUCTS_DIR; };
		F5123FD4254AAF120074D58B /* JerryDemoTests.swift */ = {isa = PBXFileReference; lastKnownFileType = sourcecode.swift; path = JerryDemoTests.swift; sourceTree = "<group>"; };
		F5123FD6254AAF120074D58B /* Info.plist */ = {isa = PBXFileReference; lastKnownFileType = text.plist.xml; path = Info.plist; sourceTree = "<group>"; };
		F5123FDB254AAF120074D58B /* JerryDemoUITests.xctest */ = {isa = PBXFileReference; explicitFileType = wrapper.cfbundle; includeInIndex = 0; path = JerryDemoUITests.xctest; sourceTree = BUILT_PRODUCTS_DIR; };
		F5123FDF254AAF120074D58B /* JerryDemoUITests.swift */ = {isa = PBXFileReference; lastKnownFileType = sourcecode.swift; path = JerryDemoUITests.swift; sourceTree = "<group>"; };
		F5123FE1254AAF120074D58B /* Info.plist */ = {isa = PBXFileReference; lastKnownFileType = text.plist.xml; path = Info.plist; sourceTree = "<group>"; };
/* End PBXFileReference section */

/* Begin PBXFrameworksBuildPhase section */
		F5123FB7254AAF100074D58B /* Frameworks */ = {
			isa = PBXFrameworksBuildPhase;
			buildActionMask = 2147483647;
			files = (
			);
			runOnlyForDeploymentPostprocessing = 0;
		};
		F5123FCD254AAF120074D58B /* Frameworks */ = {
			isa = PBXFrameworksBuildPhase;
			buildActionMask = 2147483647;
			files = (
			);
			runOnlyForDeploymentPostprocessing = 0;
		};
		F5123FD8254AAF120074D58B /* Frameworks */ = {
			isa = PBXFrameworksBuildPhase;
			buildActionMask = 2147483647;
			files = (
			);
			runOnlyForDeploymentPostprocessing = 0;
		};
/* End PBXFrameworksBuildPhase section */

/* Begin PBXGroup section */
		F5123FB1254AAF100074D58B = {
			isa = PBXGroup;
			children = (
				F5123FBC254AAF100074D58B /* JerryDemo */,
				F5123FD3254AAF120074D58B /* JerryDemoTests */,
				F5123FDE254AAF120074D58B /* JerryDemoUITests */,
				F5123FBB254AAF100074D58B /* Products */,
			);
			sourceTree = "<group>";
		};
		F5123FBB254AAF100074D58B /* Products */ = {
			isa = PBXGroup;
			children = (
				F5123FBA254AAF100074D58B /* JerryDemo.app */,
				F5123FD0254AAF120074D58B /* JerryDemoTests.xctest */,
				F5123FDB254AAF120074D58B /* JerryDemoUITests.xctest */,
			);
			name = Products;
			sourceTree = "<group>";
		};
		F5123FBC254AAF100074D58B /* JerryDemo */ = {
			isa = PBXGroup;
			children = (
				F5123FBD254AAF100074D58B /* AppDelegate.swift */,
				F5123FBF254AAF100074D58B /* SceneDelegate.swift */,
				F5123FC1254AAF100074D58B /* ViewController.swift */,
				F5123FC3254AAF100074D58B /* Main.storyboard */,
				F5123FC6254AAF120074D58B /* Assets.xcassets */,
				F5123FC8254AAF120074D58B /* LaunchScreen.storyboard */,
				F5123FCB254AAF120074D58B /* Info.plist */,
			);
			path = JerryDemo;
			sourceTree = "<group>";
		};
		F5123FD3254AAF120074D58B /* JerryDemoTests */ = {
			isa = PBXGroup;
			children = (
				F5123FD4254AAF120074D58B /* JerryDemoTests.swift */,
				F5123FD6254AAF120074D58B /* Info.plist */,
			);
			path = JerryDemoTests;
			sourceTree = "<group>";
		};
		F5123FDE254AAF120074D58B /* JerryDemoUITests */ = {
			isa = PBXGroup;
			children = (
				F5123FDF254AAF120074D58B /* JerryDemoUITests.swift */,
				F5123FE1254AAF120074D58B /* Info.plist */,
			);
			path = JerryDemoUITests;
			sourceTree = "<group>";
		};
/* End PBXGroup section */

/* Begin PBXNativeTarget section */
		F5123FB9254AAF100074D58B /* JerryDemo */ = {
			isa = PBXNativeTarget;
			buildConfigurationList = F5123FE4254AAF120074D58B /* Build configuration list for PBXNativeTarget "JerryDemo" */;
			buildPhases = (
				F5123FB6254AAF100074D58B /* Sources */,
				F5123FB7254AAF100074D58B /* Frameworks */,
				F5123FB8254AAF100074D58B /* Resources */,
			);
			buildRules = (
			);
			dependencies = (
			);
			name = JerryDemo;
			productName = JerryDemo;
			productReference = F5123FBA254AAF100074D58B /* JerryDemo.app */;
			productType = "com.apple.product-type.application";
		};
		F5123FCF254AAF120074D58B /* JerryDemoTests */ = {
			isa = PBXNativeTarget;
			buildConfigurationList = F5123FE7254AAF120074D58B /* Build configuration list for PBXNativeTarget "JerryDemoTests" */;
			buildPhases = (
				F5123FCC254AAF120074D58B /* Sources */,
				F5123FCD254AAF120074D58B /* Frameworks */,
				F5123FCE254AAF120074D58B /* Resources */,
			);
			buildRules = (
			);
			dependencies = (
				F5123FD2254AAF120074D58B /* PBXTargetDependency */,
			);
			name = JerryDemoTests;
			productName = JerryDemoTests;
			productReference = F5123FD0254AAF120074D58B /* JerryDemoTests.xctest */;
			productType = "com.apple.product-type.bundle.unit-test";
		};
		F5123FDA254AAF120074D58B /* JerryDemoUITests */ = {
			isa = PBXNativeTarget;
			buildConfigurationList = F5123FEA254AAF120074D58B /* Build configuration list for PBXNativeTarget "JerryDemoUITests" */;
			buildPhases = (
				F5123FD7254AAF120074D58B /* Sources */,
				F5123FD8254AAF120074D58B /* Frameworks */,
				F5123FD9254AAF120074D58B /* Resources */,
			);
			buildRules = (
			);
			dependencies = (
				F5123FDD254AAF120074D58B /* PBXTargetDependency */,
			);
			name = JerryDemoUITests;
			productName = JerryDemoUITests;
			productReference = F5123FDB254AAF120074D58B /* JerryDemoUITests.xctest */;
			productType = "com.apple.product-type.bundle.ui-testing";
		};
/* End PBXNativeTarget section */

/* Begin PBXProject section */
		F5123FB2254AAF100074D58B /* Project object */ = {
			isa = PBXProject;
			attributes = {
				LastSwiftUpdateCheck = 1210;
				LastUpgradeCheck = 1210;
				TargetAttributes = {
					F5123FB9254AAF100074D58B = {
						CreatedOnToolsVersion = 12.1;
					};
					F5123FCF254AAF120074D58B = {
						CreatedOnToolsVersion = 12.1;
						TestTargetID = F5123FB9254AAF100074D58B;
					};
					F5123FDA254AAF120074D58B = {
						CreatedOnToolsVersion = 12.1;
						TestTargetID = F5123FB9254AAF100074D58B;
					};
				};
			};
			buildConfigurationList = F5123FB5254AAF100074D58B /* Build configuration list for PBXProject "JerryDemo" */;
			compatibilityVersion = "Xcode 9.3";
			developmentRegion = en;
			hasScannedForEncodings = 0;
			knownRegions = (
				en,
				Base,
			);
			mainGroup = F5123FB1254AAF100074D58B;
			productRefGroup = F5123FBB254AAF100074D58B /* Products */;
			projectDirPath = "";
			projectRoot = "";
			targets = (
				F5123FB9254AAF100074D58B /* JerryDemo */,
				F5123FCF254AAF120074D58B /* JerryDemoTests */,
				F5123FDA254AAF120074D58B /* JerryDemoUITests */,
			);
		};
/* End PBXProject section */

/* Begin PBXResourcesBuildPhase section */
		F5123FB8254AAF100074D58B /* Resources */ = {
			isa = PBXResourcesBuildPhase;
			buildActionMask = 2147483647;
			files = (
				F5123FCA254AAF120074D58B /* LaunchScreen.storyboard in Resources */,
				F5123FC7254AAF120074D58B /* Assets.xcassets in Resources */,
				F5123FC5254AAF100074D58B /* Main.storyboard in Resources */,
			);
			runOnlyForDeploymentPostprocessing = 0;
		};
		F5123FCE254AAF120074D58B /* Resources */ = {
			isa = PBXResourcesBuildPhase;
			buildActionMask = 2147483647;
			files = (
			);
			runOnlyForDeploymentPostprocessing = 0;
		};
		F5123FD9254AAF120074D58B /* Resources */ = {
			isa = PBXResourcesBuildPhase;
			buildActionMask = 2147483647;
			files = (
			);
			runOnlyForDeploymentPostprocessing = 0;
		};
/* End PBXResourcesBuildPhase section */

/* Begin PBXSourcesBuildPhase section */
		F5123FB6254AAF100074D58B /* Sources */ = {
			isa = PBXSourcesBuildPhase;
			buildActionMask = 2147483647;
			files = (
				F5123FC2254AAF100074D58B /* ViewController.swift in Sources */,
				F5123FBE254AAF100074D58B /* AppDelegate.swift in Sources */,
				F5123FC0254AAF100074D58B /* SceneDelegate.swift in Sources */,
			);
			runOnlyForDeploymentPostprocessing = 0;
		};
		F5123FCC254AAF120074D58B /* Sources */ = {
			isa = PBXSourcesBuildPhase;
			buildActionMask = 2147483647;
			files = (
				F5123FD5254AAF120074D58B /* JerryDemoTests.swift in Sources */,
			);
			runOnlyForDeploymentPostprocessing = 0;
		};
		F5123FD7254AAF120074D58B /* Sources */ = {
			isa = PBXSourcesBuildPhase;
			buildActionMask = 2147483647;
			files = (
				F5123FE0254AAF120074D58B /* JerryDemoUITests.swift in Sources */,
			);
			runOnlyForDeploymentPostprocessing = 0;
		};
/* End PBXSourcesBuildPhase section */

/* Begin PBXTargetDependency section */
		F5123FD2254AAF120074D58B /* PBXTargetDependency */ = {
			isa = PBXTargetDependency;
			target = F5123FB9254AAF100074D58B /* JerryDemo */;
			targetProxy = F5123FD1254AAF120074D58B /* PBXContainerItemProxy */;
		};
		F5123FDD254AAF120074D58B /* PBXTargetDependency */ = {
			isa = PBXTargetDependency;
			target = F5123FB9254AAF100074D58B /* JerryDemo */;
			targetProxy = F5123FDC254AAF120074D58B /* PBXContainerItemProxy */;
		};
/* End PBXTargetDependency section */

/* Begin PBXVariantGroup section */
		F5123FC3254AAF100074D58B /* Main.storyboard */ = {
			isa = PBXVariantGroup;
			children = (
				F5123FC4254AAF100074D58B /* Base */,
			);
			name = Main.storyboard;
			sourceTree = "<group>";
		};
		F5123FC8254AAF120074D58B /* LaunchScreen.storyboard */ = {
			isa = PBXVariantGroup;
			children = (
				F5123FC9254AAF120074D58B /* Base */,
			);
			name = LaunchScreen.storyboard;
			sourceTree = "<group>";
		};
/* End PBXVariantGroup section */

/* Begin XCBuildConfiguration section */
		F5123FE2254AAF120074D58B /* Debug */ = {
			isa = XCBuildConfiguration;
			buildSettings = {
				ALWAYS_SEARCH_USER_PATHS = NO;
				CLANG_ANALYZER_NONNULL = YES;
				CLANG_ANALYZER_NUMBER_OBJECT_CONVERSION = YES_AGGRESSIVE;
				CLANG_CXX_LANGUAGE_STANDARD = "gnu++14";
				CLANG_CXX_LIBRARY = "libc++";
				CLANG_ENABLE_MODULES = YES;
				CLANG_ENABLE_OBJC_ARC = YES;
				CLANG_ENABLE_OBJC_WEAK = YES;
				CLANG_WARN_BLOCK_CAPTURE_AUTORELEASING = YES;
				CLANG_WARN_BOOL_CONVERSION = YES;
				CLANG_WARN_COMMA = YES;
				CLANG_WARN_CONSTANT_CONVERSION = YES;
				CLANG_WARN_DEPRECATED_OBJC_IMPLEMENTATIONS = YES;
				CLANG_WARN_DIRECT_OBJC_ISA_USAGE = YES_ERROR;
				CLANG_WARN_DOCUMENTATION_COMMENTS = YES;
				CLANG_WARN_EMPTY_BODY = YES;
				CLANG_WARN_ENUM_CONVERSION = YES;
				CLANG_WARN_INFINITE_RECURSION = YES;
				CLANG_WARN_INT_CONVERSION = YES;
				CLANG_WARN_NON_LITERAL_NULL_CONVERSION = YES;
				CLANG_WARN_OBJC_IMPLICIT_RETAIN_SELF = YES;
				CLANG_WARN_OBJC_LITERAL_CONVERSION = YES;
				CLANG_WARN_OBJC_ROOT_CLASS = YES_ERROR;
				CLANG_WARN_QUOTED_INCLUDE_IN_FRAMEWORK_HEADER = YES;
				CLANG_WARN_RANGE_LOOP_ANALYSIS = YES;
				CLANG_WARN_STRICT_PROTOTYPES = YES;
				CLANG_WARN_SUSPICIOUS_MOVE = YES;
				CLANG_WARN_UNGUARDED_AVAILABILITY = YES_AGGRESSIVE;
				CLANG_WARN_UNREACHABLE_CODE = YES;
				CLANG_WARN__DUPLICATE_METHOD_MATCH = YES;
				COPY_PHASE_STRIP = NO;
				DEBUG_INFORMATION_FORMAT = dwarf;
				ENABLE_STRICT_OBJC_MSGSEND = YES;
				ENABLE_TESTABILITY = YES;
				GCC_C_LANGUAGE_STANDARD = gnu11;
				GCC_DYNAMIC_NO_PIC = NO;
				GCC_NO_COMMON_BLOCKS = YES;
				GCC_OPTIMIZATION_LEVEL = 0;
				GCC_PREPROCESSOR_DEFINITIONS = (
					"DEBUG=1",
					"$(inherited)",
				);
				GCC_WARN_64_TO_32_BIT_CONVERSION = YES;
				GCC_WARN_ABOUT_RETURN_TYPE = YES_ERROR;
				GCC_WARN_UNDECLARED_SELECTOR = YES;
				GCC_WARN_UNINITIALIZED_AUTOS = YES_AGGRESSIVE;
				GCC_WARN_UNUSED_FUNCTION = YES;
				GCC_WARN_UNUSED_VARIABLE = YES;
				IPHONEOS_DEPLOYMENT_TARGET = 14.1;
				MTL_ENABLE_DEBUG_INFO = INCLUDE_SOURCE;
				MTL_FAST_MATH = YES;
				ONLY_ACTIVE_ARCH = YES;
				SDKROOT = iphoneos;
				SWIFT_ACTIVE_COMPILATION_CONDITIONS = DEBUG;
				SWIFT_OPTIMIZATION_LEVEL = "-Onone";
			};
			name = Debug;
		};
		F5123FE3254AAF120074D58B /* Release */ = {
			isa = XCBuildConfiguration;
			buildSettings = {
				ALWAYS_SEARCH_USER_PATHS = NO;
				CLANG_ANALYZER_NONNULL = YES;
				CLANG_ANALYZER_NUMBER_OBJECT_CONVERSION = YES_AGGRESSIVE;
				CLANG_CXX_LANGUAGE_STANDARD = "gnu++14";
				CLANG_CXX_LIBRARY = "libc++";
				CLANG_ENABLE_MODULES = YES;
				CLANG_ENABLE_OBJC_ARC = YES;
				CLANG_ENABLE_OBJC_WEAK = YES;
				CLANG_WARN_BLOCK_CAPTURE_AUTORELEASING = YES;
				CLANG_WARN_BOOL_CONVERSION = YES;
				CLANG_WARN_COMMA = YES;
				CLANG_WARN_CONSTANT_CONVERSION = YES;
				CLANG_WARN_DEPRECATED_OBJC_IMPLEMENTATIONS = YES;
				CLANG_WARN_DIRECT_OBJC_ISA_USAGE = YES_ERROR;
				CLANG_WARN_DOCUMENTATION_COMMENTS = YES;
				CLANG_WARN_EMPTY_BODY = YES;
				CLANG_WARN_ENUM_CONVERSION = YES;
				CLANG_WARN_INFINITE_RECURSION = YES;
				CLANG_WARN_INT_CONVERSION = YES;
				CLANG_WARN_NON_LITERAL_NULL_CONVERSION = YES;
				CLANG_WARN_OBJC_IMPLICIT_RETAIN_SELF = YES;
				CLANG_WARN_OBJC_LITERAL_CONVERSION = YES;
				CLANG_WARN_OBJC_ROOT_CLASS = YES_ERROR;
				CLANG_WARN_QUOTED_INCLUDE_IN_FRAMEWORK_HEADER = YES;
				CLANG_WARN_RANGE_LOOP_ANALYSIS = YES;
				CLANG_WARN_STRICT_PROTOTYPES = YES;
				CLANG_WARN_SUSPICIOUS_MOVE = YES;
				CLANG_WARN_UNGUARDED_AVAILABILITY = YES_AGGRESSIVE;
				CLANG_WARN_UNREACHABLE_CODE = YES;
				CLANG_WARN__DUPLICATE_METHOD_MATCH = YES;
				COPY_PHASE_STRIP = NO;
				DEBUG_INFORMATION_FORMAT = "dwarf-with-dsym";
				ENABLE_NS_ASSERTIONS = NO;
				ENABLE_STRICT_OBJC_MSGSEND = YES;
				GCC_C_LANGUAGE_STANDARD = gnu11;
				GCC_NO_COMMON_BLOCKS = YES;
				GCC_WARN_64_TO_32_BIT_CONVERSION = YES;
				GCC_WARN_ABOUT_RETURN_TYPE = YES_ERROR;
				GCC_WARN_UNDECLARED_SELECTOR = YES;
				GCC_WARN_UNINITIALIZED_AUTOS = YES_AGGRESSIVE;
				GCC_WARN_UNUSED_FUNCTION = YES;
				GCC_WARN_UNUSED_VARIABLE = YES;
				IPHONEOS_DEPLOYMENT_TARGET = 14.1;
				MTL_ENABLE_DEBUG_INFO = NO;
				MTL_FAST_MATH = YES;
				SDKROOT = iphoneos;
				SWIFT_COMPILATION_MODE = wholemodule;
				SWIFT_OPTIMIZATION_LEVEL = "-O";
				VALIDATE_PRODUCT = YES;
			};
			name = Release;
		};
		F5123FE5254AAF120074D58B /* Debug */ = {
			isa = XCBuildConfiguration;
			buildSettings = {
				ASSETCATALOG_COMPILER_APPICON_NAME = AppIcon;
				ASSETCATALOG_COMPILER_GLOBAL_ACCENT_COLOR_NAME = AccentColor;
				CODE_SIGN_STYLE = Automatic;
				DEVELOPMENT_TEAM = T84L88GZDY;
				INFOPLIST_FILE = JerryDemo/Info.plist;
				LD_RUNPATH_SEARCH_PATHS = (
					"$(inherited)",
					"@executable_path/Frameworks",
				);
				PRODUCT_BUNDLE_IDENTIFIER = com.ciwei.recruitment.JerryDemo;
				PRODUCT_NAME = "$(TARGET_NAME)";
				SWIFT_VERSION = 5.0;
				TARGETED_DEVICE_FAMILY = "1,2";
			};
			name = Debug;
		};
		F5123FE6254AAF120074D58B /* Release */ = {
			isa = XCBuildConfiguration;
			buildSettings = {
				ASSETCATALOG_COMPILER_APPICON_NAME = AppIcon;
				ASSETCATALOG_COMPILER_GLOBAL_ACCENT_COLOR_NAME = AccentColor;
				CODE_SIGN_STYLE = Automatic;
				DEVELOPMENT_TEAM = T84L88GZDY;
				INFOPLIST_FILE = JerryDemo/Info.plist;
				LD_RUNPATH_SEARCH_PATHS = (
					"$(inherited)",
					"@executable_path/Frameworks",
				);
				PRODUCT_BUNDLE_IDENTIFIER = com.ciwei.recruitment.JerryDemo;
				PRODUCT_NAME = "$(TARGET_NAME)";
				SWIFT_VERSION = 5.0;
				TARGETED_DEVICE_FAMILY = "1,2";
			};
			name = Release;
		};
		F5123FE8254AAF120074D58B /* Debug */ = {
			isa = XCBuildConfiguration;
			buildSettings = {
				ALWAYS_EMBED_SWIFT_STANDARD_LIBRARIES = YES;
				BUNDLE_LOADER = "$(TEST_HOST)";
				CODE_SIGN_STYLE = Automatic;
				DEVELOPMENT_TEAM = T84L88GZDY;
				INFOPLIST_FILE = JerryDemoTests/Info.plist;
				IPHONEOS_DEPLOYMENT_TARGET = 14.1;
				LD_RUNPATH_SEARCH_PATHS = (
					"$(inherited)",
					"@executable_path/Frameworks",
					"@loader_path/Frameworks",
				);
				PRODUCT_BUNDLE_IDENTIFIER = com.ciwei.recruitment.JerryDemoTests;
				PRODUCT_NAME = "$(TARGET_NAME)";
				SWIFT_VERSION = 5.0;
				TARGETED_DEVICE_FAMILY = "1,2";
				TEST_HOST = "$(BUILT_PRODUCTS_DIR)/JerryDemo.app/JerryDemo";
			};
			name = Debug;
		};
		F5123FE9254AAF120074D58B /* Release */ = {
			isa = XCBuildConfiguration;
			buildSettings = {
				ALWAYS_EMBED_SWIFT_STANDARD_LIBRARIES = YES;
				BUNDLE_LOADER = "$(TEST_HOST)";
				CODE_SIGN_STYLE = Automatic;
				DEVELOPMENT_TEAM = T84L88GZDY;
				INFOPLIST_FILE = JerryDemoTests/Info.plist;
				IPHONEOS_DEPLOYMENT_TARGET = 14.1;
				LD_RUNPATH_SEARCH_PATHS = (
					"$(inherited)",
					"@executable_path/Frameworks",
					"@loader_path/Frameworks",
				);
				PRODUCT_BUNDLE_IDENTIFIER = com.ciwei.recruitment.JerryDemoTests;
				PRODUCT_NAME = "$(TARGET_NAME)";
				SWIFT_VERSION = 5.0;
				TARGETED_DEVICE_FAMILY = "1,2";
				TEST_HOST = "$(BUILT_PRODUCTS_DIR)/JerryDemo.app/JerryDemo";
			};
			name = Release;
		};
		F5123FEB254AAF120074D58B /* Debug */ = {
			isa = XCBuildConfiguration;
			buildSettings = {
				ALWAYS_EMBED_SWIFT_STANDARD_LIBRARIES = YES;
				CODE_SIGN_STYLE = Automatic;
				DEVELOPMENT_TEAM = T84L88GZDY;
				INFOPLIST_FILE = JerryDemoUITests/Info.plist;
				LD_RUNPATH_SEARCH_PATHS = (
					"$(inherited)",
					"@executable_path/Frameworks",
					"@loader_path/Frameworks",
				);
				PRODUCT_BUNDLE_IDENTIFIER = com.ciwei.recruitment.JerryDemoUITests;
				PRODUCT_NAME = "$(TARGET_NAME)";
				SWIFT_VERSION = 5.0;
				TARGETED_DEVICE_FAMILY = "1,2";
				TEST_TARGET_NAME = JerryDemo;
			};
			name = Debug;
		};
		F5123FEC254AAF120074D58B /* Release */ = {
			isa = XCBuildConfiguration;
			buildSettings = {
				ALWAYS_EMBED_SWIFT_STANDARD_LIBRARIES = YES;
				CODE_SIGN_STYLE = Automatic;
				DEVELOPMENT_TEAM = T84L88GZDY;
				INFOPLIST_FILE = JerryDemoUITests/Info.plist;
				LD_RUNPATH_SEARCH_PATHS = (
					"$(inherited)",
					"@executable_path/Frameworks",
					"@loader_path/Frameworks",
				);
				PRODUCT_BUNDLE_IDENTIFIER = com.ciwei.recruitment.JerryDemoUITests;
				PRODUCT_NAME = "$(TARGET_NAME)";
				SWIFT_VERSION = 5.0;
				TARGETED_DEVICE_FAMILY = "1,2";
				TEST_TARGET_NAME = JerryDemo;
			};
			name = Release;
		};
/* End XCBuildConfiguration section */

/* Begin XCConfigurationList section */
		F5123FB5254AAF100074D58B /* Build configuration list for PBXProject "JerryDemo" */ = {
			isa = XCConfigurationList;
			buildConfigurations = (
				F5123FE2254AAF120074D58B /* Debug */,
				F5123FE3254AAF120074D58B /* Release */,
			);
			defaultConfigurationIsVisible = 0;
			defaultConfigurationName = Release;
		};
		F5123FE4254AAF120074D58B /* Build configuration list for PBXNativeTarget "JerryDemo" */ = {
			isa = XCConfigurationList;
			buildConfigurations = (
				F5123FE5254AAF120074D58B /* Debug */,
				F5123FE6254AAF120074D58B /* Release */,
			);
			defaultConfigurationIsVisible = 0;
			defaultConfigurationName = Release;
		};
		F5123FE7254AAF120074D58B /* Build configuration list for PBXNativeTarget "JerryDemoTests" */ = {
			isa = XCConfigurationList;
			buildConfigurations = (
				F5123FE8254AAF120074D58B /* Debug */,
				F5123FE9254AAF120074D58B /* Release */,
			);
			defaultConfigurationIsVisible = 0;
			defaultConfigurationName = Release;
		};
		F5123FEA254AAF120074D58B /* Build configuration list for PBXNativeTarget "JerryDemoUITests" */ = {
			isa = XCConfigurationList;
			buildConfigurations = (
				F5123FEB254AAF120074D58B /* Debug */,
				F5123FEC254AAF120074D58B /* Release */,
			);
			defaultConfigurationIsVisible = 0;
			defaultConfigurationName = Release;
		};
/* End XCConfigurationList section */
	};
	rootObject = F5123FB2254AAF100074D58B /* Project object */;
}
